// !$*UTF8*$!
{
	archiveVersion = 1;
	classes = {
	};
	objectVersion = 55;
	objects = {

/* Begin PBXBuildFile section */
		403757562965C9B9006C834E /* AppDelegate.m in Sources */ = {isa = PBXBuildFile; fileRef = 403757552965C9B9006C834E /* AppDelegate.m */; };
		403757592965C9B9006C834E /* SceneDelegate.m in Sources */ = {isa = PBXBuildFile; fileRef = 403757582965C9B9006C834E /* SceneDelegate.m */; };
		4037575C2965C9B9006C834E /* ViewController.m in Sources */ = {isa = PBXBuildFile; fileRef = 4037575B2965C9B9006C834E /* ViewController.m */; };
		4037575F2965C9B9006C834E /* Main.storyboard in Resources */ = {isa = PBXBuildFile; fileRef = 4037575D2965C9B9006C834E /* Main.storyboard */; };
		403757612965C9BB006C834E /* Assets.xcassets in Resources */ = {isa = PBXBuildFile; fileRef = 403757602965C9BB006C834E /* Assets.xcassets */; };
		403757642965C9BB006C834E /* LaunchScreen.storyboard in Resources */ = {isa = PBXBuildFile; fileRef = 403757622965C9BB006C834E /* LaunchScreen.storyboard */; };
		403757672965C9BB006C834E /* main.m in Sources */ = {isa = PBXBuildFile; fileRef = 403757662965C9BB006C834E /* main.m */; };
		403757712965C9BB006C834E /* VoluntaryBestTests.m in Sources */ = {isa = PBXBuildFile; fileRef = 403757702965C9BB006C834E /* VoluntaryBestTests.m */; };
		4037577B2965C9BB006C834E /* VoluntaryBestUITests.m in Sources */ = {isa = PBXBuildFile; fileRef = 4037577A2965C9BB006C834E /* VoluntaryBestUITests.m */; };
		4037577D2965C9BB006C834E /* VoluntaryBestUITestsLaunchTests.m in Sources */ = {isa = PBXBuildFile; fileRef = 4037577C2965C9BB006C834E /* VoluntaryBestUITestsLaunchTests.m */; };
		4037578F2965DF43006C834E /* MainController.m in Sources */ = {isa = PBXBuildFile; fileRef = 4037578E2965DF43006C834E /* MainController.m */; };
		4037579D2965E175006C834E /* SettingsController.m in Sources */ = {isa = PBXBuildFile; fileRef = 4037579C2965E175006C834E /* SettingsController.m */; };
		403757A72965E241006C834E /* SignController.m in Sources */ = {isa = PBXBuildFile; fileRef = 403757A62965E241006C834E /* SignController.m */; };
		403757AA2965E25D006C834E /* ForumController.m in Sources */ = {isa = PBXBuildFile; fileRef = 403757A92965E25D006C834E /* ForumController.m */; };
		403757B02965E28C006C834E /* AssistanceController.m in Sources */ = {isa = PBXBuildFile; fileRef = 403757AF2965E28C006C834E /* AssistanceController.m */; };
		403757B329687A80006C834E /* SettingsView.m in Sources */ = {isa = PBXBuildFile; fileRef = 403757B229687A80006C834E /* SettingsView.m */; };
		403757BB29688DD7006C834E /* touxiang.jpg in Resources */ = {isa = PBXBuildFile; fileRef = 403757BA29688DD7006C834E /* touxiang.jpg */; };
		403757BD296A9AC8006C834E /* xiugai.png in Resources */ = {isa = PBXBuildFile; fileRef = 403757BC296A9AC8006C834E /* xiugai.png */; };
		403757C1296ABA3A006C834E /* ForumView.m in Sources */ = {isa = PBXBuildFile; fileRef = 403757C0296ABA3A006C834E /* ForumView.m */; };
		403757C4296AD613006C834E /* ForumTableViewCell.m in Sources */ = {isa = PBXBuildFile; fileRef = 403757C3296AD613006C834E /* ForumTableViewCell.m */; };
		403757C6296C88F8006C834E /* peitu1.jpg in Resources */ = {isa = PBXBuildFile; fileRef = 403757C5296C88F7006C834E /* peitu1.jpg */; };
		403757C8296C88FC006C834E /* peitu2.jpg in Resources */ = {isa = PBXBuildFile; fileRef = 403757C7296C88FC006C834E /* peitu2.jpg */; };
		403757CA296C9664006C834E /* touxiang0.jpg in Resources */ = {isa = PBXBuildFile; fileRef = 403757C9296C9664006C834E /* touxiang0.jpg */; };
		403757CC296CA119006C834E /* gengduo-2.png in Resources */ = {isa = PBXBuildFile; fileRef = 403757CB296CA118006C834E /* gengduo-2.png */; };
		403757CE296CA289006C834E /* icon-2.png in Resources */ = {isa = PBXBuildFile; fileRef = 403757CD296CA289006C834E /* icon-2.png */; };
		403757D0296CA28F006C834E /* icon.png in Resources */ = {isa = PBXBuildFile; fileRef = 403757CF296CA28F006C834E /* icon.png */; };
		403757D2296CA2CC006C834E /* pinglun-2.png in Resources */ = {isa = PBXBuildFile; fileRef = 403757D1296CA2CC006C834E /* pinglun-2.png */; };
		403758892973E6A8006C834E /* LoginViewController.m in Sources */ = {isa = PBXBuildFile; fileRef = 403758882973E6A8006C834E /* LoginViewController.m */; };
		4037588C2973E6BE006C834E /* LoginView.m in Sources */ = {isa = PBXBuildFile; fileRef = 4037588B2973E6BE006C834E /* LoginView.m */; };
		4037588E2973EB4C006C834E /* return.png in Resources */ = {isa = PBXBuildFile; fileRef = 4037588D2973EB4C006C834E /* return.png */; };
		403758992973EF2E006C834E /* QQ20221215-1.jpg in Resources */ = {isa = PBXBuildFile; fileRef = 4037588F2973EF2D006C834E /* QQ20221215-1.jpg */; };
		4037589E2973EF2E006C834E /* qidongtu.jpeg in Resources */ = {isa = PBXBuildFile; fileRef = 403758942973EF2E006C834E /* qidongtu.jpeg */; };
		403758A42973F42C006C834E /* zhuce.png in Resources */ = {isa = PBXBuildFile; fileRef = 403758A32973F42B006C834E /* zhuce.png */; };
		403758A62973F430006C834E /* denglu.png in Resources */ = {isa = PBXBuildFile; fileRef = 403758A52973F430006C834E /* denglu.png */; };
		403758A92973F529006C834E /* SignUpViewController.m in Sources */ = {isa = PBXBuildFile; fileRef = 403758A82973F529006C834E /* SignUpViewController.m */; };
		403758AC2973F545006C834E /* SignUpView.m in Sources */ = {isa = PBXBuildFile; fileRef = 403758AB2973F545006C834E /* SignUpView.m */; };
		403758AF2973F8BD006C834E /* zhanghao.png in Resources */ = {isa = PBXBuildFile; fileRef = 403758AD2973F8BD006C834E /* zhanghao.png */; };
		403758B02973F8BD006C834E /* mima.png in Resources */ = {isa = PBXBuildFile; fileRef = 403758AE2973F8BD006C834E /* mima.png */; };
		403758B3297415C2006C834E /* SignView.m in Sources */ = {isa = PBXBuildFile; fileRef = 403758B2297415C2006C834E /* SignView.m */; };
		B2ED9B50980EE0CE13EDA480 /* libPods-VoluntaryBest.a in Frameworks */ = {isa = PBXBuildFile; fileRef = D0899E6DFBF7F30A84D7E409 /* libPods-VoluntaryBest.a */; };
		B9B192A02973BE3300CC0811 /* NewsViewController.m in Sources */ = {isa = PBXBuildFile; fileRef = B9B1929F2973BE3300CC0811 /* NewsViewController.m */; };
		B9B192A32973BE6100CC0811 /* ScanViewController.m in Sources */ = {isa = PBXBuildFile; fileRef = B9B192A22973BE6100CC0811 /* ScanViewController.m */; };
		B9B192A62973BE8E00CC0811 /* SearchViewController.m in Sources */ = {isa = PBXBuildFile; fileRef = B9B192A52973BE8E00CC0811 /* SearchViewController.m */; };
		B9B192A92973BEF400CC0811 /* NewsView.m in Sources */ = {isa = PBXBuildFile; fileRef = B9B192A82973BEF400CC0811 /* NewsView.m */; };
		B9B192AC2973BF3000CC0811 /* ScanView.m in Sources */ = {isa = PBXBuildFile; fileRef = B9B192AB2973BF3000CC0811 /* ScanView.m */; };
		B9B192B22973BFAD00CC0811 /* SearchView.m in Sources */ = {isa = PBXBuildFile; fileRef = B9B192B12973BFAD00CC0811 /* SearchView.m */; };
		B9B192B42973C25A00CC0811 /* dunpai.png in Resources */ = {isa = PBXBuildFile; fileRef = B9B192B32973C25A00CC0811 /* dunpai.png */; };
		B9B192B62973C25E00CC0811 /* xingxing.png in Resources */ = {isa = PBXBuildFile; fileRef = B9B192B52973C25E00CC0811 /* xingxing.png */; };
		B9B192B82973C27400CC0811 /* gouwulan.png in Resources */ = {isa = PBXBuildFile; fileRef = B9B192B72973C27400CC0811 /* gouwulan.png */; };
		B9B192BE2973C27A00CC0811 /* jiangbei.png in Resources */ = {isa = PBXBuildFile; fileRef = B9B192B92973C27A00CC0811 /* jiangbei.png */; };
		B9B192BF2973C27A00CC0811 /* home.png in Resources */ = {isa = PBXBuildFile; fileRef = B9B192BA2973C27A00CC0811 /* home.png */; };
		B9B192C02973C27A00CC0811 /* maomi.png in Resources */ = {isa = PBXBuildFile; fileRef = B9B192BB2973C27A00CC0811 /* maomi.png */; };
		B9B192C12973C27A00CC0811 /* meigui.png in Resources */ = {isa = PBXBuildFile; fileRef = B9B192BC2973C27A00CC0811 /* meigui.png */; };
		B9B192C22973C27A00CC0811 /* ketang.png in Resources */ = {isa = PBXBuildFile; fileRef = B9B192BD2973C27A00CC0811 /* ketang.png */; };
		B9B192C52973C27F00CC0811 /* gongyi-2.png in Resources */ = {isa = PBXBuildFile; fileRef = B9B192C32973C27F00CC0811 /* gongyi-2.png */; };
		B9B192C62973C27F00CC0811 /* shipin.png in Resources */ = {isa = PBXBuildFile; fileRef = B9B192C42973C27F00CC0811 /* shipin.png */; };
		B9B192CB2973C28C00CC0811 /* chazhao-.png in Resources */ = {isa = PBXBuildFile; fileRef = B9B192C72973C28C00CC0811 /* chazhao-.png */; };
		B9B192CC2973C28C00CC0811 /* gongyi.png in Resources */ = {isa = PBXBuildFile; fileRef = B9B192C82973C28C00CC0811 /* gongyi.png */; };
		B9B192CD2973C28C00CC0811 /* qizhi.png in Resources */ = {isa = PBXBuildFile; fileRef = B9B192C92973C28C00CC0811 /* qizhi.png */; };
		B9B192CE2973C28C00CC0811 /* yaoqing.png in Resources */ = {isa = PBXBuildFile; fileRef = B9B192CA2973C28C00CC0811 /* yaoqing.png */; };
		B9B193002974260300CC0811 /* qidong.jpeg in Resources */ = {isa = PBXBuildFile; fileRef = B9B192FF2974260300CC0811 /* qidong.jpeg */; };
		B9B193022974260D00CC0811 /* shouye-3.png in Resources */ = {isa = PBXBuildFile; fileRef = B9B193012974260D00CC0811 /* shouye-3.png */; };
		B9B193042974262900CC0811 /* shouye-4.png in Resources */ = {isa = PBXBuildFile; fileRef = B9B193032974262900CC0811 /* shouye-4.png */; };
		B9B193062974263200CC0811 /* aixin-2.png in Resources */ = {isa = PBXBuildFile; fileRef = B9B193052974263200CC0811 /* aixin-2.png */; };
		B9B193082974263800CC0811 /* aixin-3.png in Resources */ = {isa = PBXBuildFile; fileRef = B9B193072974263800CC0811 /* aixin-3.png */; };
		B9B1930A2974263D00CC0811 /* dingwei.png in Resources */ = {isa = PBXBuildFile; fileRef = B9B193092974263D00CC0811 /* dingwei.png */; };
		B9B1930C2974264300CC0811 /* dingwei-2.png in Resources */ = {isa = PBXBuildFile; fileRef = B9B1930B2974264300CC0811 /* dingwei-2.png */; };
		B9B1930E2974264800CC0811 /* friends-2.png in Resources */ = {isa = PBXBuildFile; fileRef = B9B1930D2974264800CC0811 /* friends-2.png */; };
		B9B193102974264D00CC0811 /* friends.png in Resources */ = {isa = PBXBuildFile; fileRef = B9B1930F2974264D00CC0811 /* friends.png */; };
		B9B193122974265400CC0811 /* wode-2.png in Resources */ = {isa = PBXBuildFile; fileRef = B9B193112974265400CC0811 /* wode-2.png */; };
		B9B193142974265900CC0811 /* wode.png in Resources */ = {isa = PBXBuildFile; fileRef = B9B193132974265900CC0811 /* wode.png */; };
		B9B193182975D25600CC0811 /* 2.jpeg in Resources */ = {isa = PBXBuildFile; fileRef = B9B193152975D25600CC0811 /* 2.jpeg */; };
		B9B193192975D25600CC0811 /* 1.jpeg in Resources */ = {isa = PBXBuildFile; fileRef = B9B193162975D25600CC0811 /* 1.jpeg */; };
		B9B1931A2975D25600CC0811 /* 3.jpeg in Resources */ = {isa = PBXBuildFile; fileRef = B9B193172975D25600CC0811 /* 3.jpeg */; };
		B9E5898A296C696900B7D15E /* MainView.m in Sources */ = {isa = PBXBuildFile; fileRef = B9E58989296C696900B7D15E /* MainView.m */; };
		B9E58991296C6EAD00B7D15E /* MainPickerView.m in Sources */ = {isa = PBXBuildFile; fileRef = B9E58990296C6EAD00B7D15E /* MainPickerView.m */; };
		B9E58994296C6EC200B7D15E /* MainPickerViewController.m in Sources */ = {isa = PBXBuildFile; fileRef = B9E58993296C6EC200B7D15E /* MainPickerViewController.m */; };
		B9E58999296C848A00B7D15E /* xiaoxi.png in Resources */ = {isa = PBXBuildFile; fileRef = B9E58996296C848A00B7D15E /* xiaoxi.png */; };
		B9E5899A296C848A00B7D15E /* saomiao.png in Resources */ = {isa = PBXBuildFile; fileRef = B9E58997296C848A00B7D15E /* saomiao.png */; };
		B9E5899B296C848A00B7D15E /* sousuo.png in Resources */ = {isa = PBXBuildFile; fileRef = B9E58998296C848A00B7D15E /* sousuo.png */; };
/* End PBXBuildFile section */

/* Begin PBXContainerItemProxy section */
		4037576D2965C9BB006C834E /* PBXContainerItemProxy */ = {
			isa = PBXContainerItemProxy;
			containerPortal = 403757492965C9B9006C834E /* Project object */;
			proxyType = 1;
			remoteGlobalIDString = 403757502965C9B9006C834E;
			remoteInfo = VoluntaryBest;
		};
		403757772965C9BB006C834E /* PBXContainerItemProxy */ = {
			isa = PBXContainerItemProxy;
			containerPortal = 403757492965C9B9006C834E /* Project object */;
			proxyType = 1;
			remoteGlobalIDString = 403757502965C9B9006C834E;
			remoteInfo = VoluntaryBest;
		};
/* End PBXContainerItemProxy section */

/* Begin PBXFileReference section */
		403757512965C9B9006C834E /* VoluntaryBest.app */ = {isa = PBXFileReference; explicitFileType = wrapper.application; includeInIndex = 0; path = VoluntaryBest.app; sourceTree = BUILT_PRODUCTS_DIR; };
		403757542965C9B9006C834E /* AppDelegate.h */ = {isa = PBXFileReference; lastKnownFileType = sourcecode.c.h; path = AppDelegate.h; sourceTree = "<group>"; };
		403757552965C9B9006C834E /* AppDelegate.m */ = {isa = PBXFileReference; lastKnownFileType = sourcecode.c.objc; path = AppDelegate.m; sourceTree = "<group>"; };
		403757572965C9B9006C834E /* SceneDelegate.h */ = {isa = PBXFileReference; lastKnownFileType = sourcecode.c.h; path = SceneDelegate.h; sourceTree = "<group>"; };
		403757582965C9B9006C834E /* SceneDelegate.m */ = {isa = PBXFileReference; lastKnownFileType = sourcecode.c.objc; path = SceneDelegate.m; sourceTree = "<group>"; };
		4037575A2965C9B9006C834E /* ViewController.h */ = {isa = PBXFileReference; lastKnownFileType = sourcecode.c.h; path = ViewController.h; sourceTree = "<group>"; };
		4037575B2965C9B9006C834E /* ViewController.m */ = {isa = PBXFileReference; lastKnownFileType = sourcecode.c.objc; path = ViewController.m; sourceTree = "<group>"; };
		4037575E2965C9B9006C834E /* Base */ = {isa = PBXFileReference; lastKnownFileType = file.storyboard; name = Base; path = Base.lproj/Main.storyboard; sourceTree = "<group>"; };
		403757602965C9BB006C834E /* Assets.xcassets */ = {isa = PBXFileReference; lastKnownFileType = folder.assetcatalog; path = Assets.xcassets; sourceTree = "<group>"; };
		403757632965C9BB006C834E /* Base */ = {isa = PBXFileReference; lastKnownFileType = file.storyboard; name = Base; path = Base.lproj/LaunchScreen.storyboard; sourceTree = "<group>"; };
		403757652965C9BB006C834E /* Info.plist */ = {isa = PBXFileReference; lastKnownFileType = text.plist.xml; path = Info.plist; sourceTree = "<group>"; };
		403757662965C9BB006C834E /* main.m */ = {isa = PBXFileReference; lastKnownFileType = sourcecode.c.objc; path = main.m; sourceTree = "<group>"; };
		4037576C2965C9BB006C834E /* VoluntaryBestTests.xctest */ = {isa = PBXFileReference; explicitFileType = wrapper.cfbundle; includeInIndex = 0; path = VoluntaryBestTests.xctest; sourceTree = BUILT_PRODUCTS_DIR; };
		403757702965C9BB006C834E /* VoluntaryBestTests.m */ = {isa = PBXFileReference; lastKnownFileType = sourcecode.c.objc; path = VoluntaryBestTests.m; sourceTree = "<group>"; };
		403757762965C9BB006C834E /* VoluntaryBestUITests.xctest */ = {isa = PBXFileReference; explicitFileType = wrapper.cfbundle; includeInIndex = 0; path = VoluntaryBestUITests.xctest; sourceTree = BUILT_PRODUCTS_DIR; };
		4037577A2965C9BB006C834E /* VoluntaryBestUITests.m */ = {isa = PBXFileReference; lastKnownFileType = sourcecode.c.objc; path = VoluntaryBestUITests.m; sourceTree = "<group>"; };
		4037577C2965C9BB006C834E /* VoluntaryBestUITestsLaunchTests.m */ = {isa = PBXFileReference; lastKnownFileType = sourcecode.c.objc; path = VoluntaryBestUITestsLaunchTests.m; sourceTree = "<group>"; };
		4037578D2965DF43006C834E /* MainController.h */ = {isa = PBXFileReference; lastKnownFileType = sourcecode.c.h; path = MainController.h; sourceTree = "<group>"; };
		4037578E2965DF43006C834E /* MainController.m */ = {isa = PBXFileReference; lastKnownFileType = sourcecode.c.objc; path = MainController.m; sourceTree = "<group>"; };
		4037579B2965E175006C834E /* SettingsController.h */ = {isa = PBXFileReference; lastKnownFileType = sourcecode.c.h; path = SettingsController.h; sourceTree = "<group>"; };
		4037579C2965E175006C834E /* SettingsController.m */ = {isa = PBXFileReference; lastKnownFileType = sourcecode.c.objc; path = SettingsController.m; sourceTree = "<group>"; };
		403757A52965E241006C834E /* SignController.h */ = {isa = PBXFileReference; lastKnownFileType = sourcecode.c.h; path = SignController.h; sourceTree = "<group>"; };
		403757A62965E241006C834E /* SignController.m */ = {isa = PBXFileReference; lastKnownFileType = sourcecode.c.objc; path = SignController.m; sourceTree = "<group>"; };
		403757A82965E25D006C834E /* ForumController.h */ = {isa = PBXFileReference; lastKnownFileType = sourcecode.c.h; path = ForumController.h; sourceTree = "<group>"; };
		403757A92965E25D006C834E /* ForumController.m */ = {isa = PBXFileReference; lastKnownFileType = sourcecode.c.objc; path = ForumController.m; sourceTree = "<group>"; };
		403757AE2965E28C006C834E /* AssistanceController.h */ = {isa = PBXFileReference; lastKnownFileType = sourcecode.c.h; path = AssistanceController.h; sourceTree = "<group>"; };
		403757AF2965E28C006C834E /* AssistanceController.m */ = {isa = PBXFileReference; lastKnownFileType = sourcecode.c.objc; path = AssistanceController.m; sourceTree = "<group>"; };
		403757B129687A80006C834E /* SettingsView.h */ = {isa = PBXFileReference; lastKnownFileType = sourcecode.c.h; path = SettingsView.h; sourceTree = "<group>"; };
		403757B229687A80006C834E /* SettingsView.m */ = {isa = PBXFileReference; lastKnownFileType = sourcecode.c.objc; path = SettingsView.m; sourceTree = "<group>"; };
		403757BA29688DD7006C834E /* touxiang.jpg */ = {isa = PBXFileReference; lastKnownFileType = image.jpeg; path = touxiang.jpg; sourceTree = "<group>"; };
		403757BC296A9AC8006C834E /* xiugai.png */ = {isa = PBXFileReference; lastKnownFileType = image.png; path = xiugai.png; sourceTree = "<group>"; };
		403757BF296ABA3A006C834E /* ForumView.h */ = {isa = PBXFileReference; lastKnownFileType = sourcecode.c.h; path = ForumView.h; sourceTree = "<group>"; };
		403757C0296ABA3A006C834E /* ForumView.m */ = {isa = PBXFileReference; lastKnownFileType = sourcecode.c.objc; path = ForumView.m; sourceTree = "<group>"; };
		403757C2296AD613006C834E /* ForumTableViewCell.h */ = {isa = PBXFileReference; lastKnownFileType = sourcecode.c.h; path = ForumTableViewCell.h; sourceTree = "<group>"; };
		403757C3296AD613006C834E /* ForumTableViewCell.m */ = {isa = PBXFileReference; lastKnownFileType = sourcecode.c.objc; path = ForumTableViewCell.m; sourceTree = "<group>"; };
		403757C5296C88F7006C834E /* peitu1.jpg */ = {isa = PBXFileReference; lastKnownFileType = image.jpeg; path = peitu1.jpg; sourceTree = "<group>"; };
		403757C7296C88FC006C834E /* peitu2.jpg */ = {isa = PBXFileReference; lastKnownFileType = image.jpeg; path = peitu2.jpg; sourceTree = "<group>"; };
		403757C9296C9664006C834E /* touxiang0.jpg */ = {isa = PBXFileReference; lastKnownFileType = image.jpeg; path = touxiang0.jpg; sourceTree = "<group>"; };
		403757CB296CA118006C834E /* gengduo-2.png */ = {isa = PBXFileReference; lastKnownFileType = image.png; path = "gengduo-2.png"; sourceTree = "<group>"; };
		403757CD296CA289006C834E /* icon-2.png */ = {isa = PBXFileReference; lastKnownFileType = image.png; path = "icon-2.png"; sourceTree = "<group>"; };
		403757CF296CA28F006C834E /* icon.png */ = {isa = PBXFileReference; lastKnownFileType = image.png; path = icon.png; sourceTree = "<group>"; };
		403757D1296CA2CC006C834E /* pinglun-2.png */ = {isa = PBXFileReference; lastKnownFileType = image.png; path = "pinglun-2.png"; sourceTree = "<group>"; };
		403758872973E6A8006C834E /* LoginViewController.h */ = {isa = PBXFileReference; lastKnownFileType = sourcecode.c.h; path = LoginViewController.h; sourceTree = "<group>"; };
		403758882973E6A8006C834E /* LoginViewController.m */ = {isa = PBXFileReference; lastKnownFileType = sourcecode.c.objc; path = LoginViewController.m; sourceTree = "<group>"; };
		4037588A2973E6BE006C834E /* LoginView.h */ = {isa = PBXFileReference; lastKnownFileType = sourcecode.c.h; path = LoginView.h; sourceTree = "<group>"; };
		4037588B2973E6BE006C834E /* LoginView.m */ = {isa = PBXFileReference; lastKnownFileType = sourcecode.c.objc; path = LoginView.m; sourceTree = "<group>"; };
		4037588D2973EB4C006C834E /* return.png */ = {isa = PBXFileReference; lastKnownFileType = image.png; path = return.png; sourceTree = "<group>"; };
		4037588F2973EF2D006C834E /* QQ20221215-1.jpg */ = {isa = PBXFileReference; lastKnownFileType = image.jpeg; path = "QQ20221215-1.jpg"; sourceTree = "<group>"; };
		403758942973EF2E006C834E /* qidongtu.jpeg */ = {isa = PBXFileReference; lastKnownFileType = image.jpeg; path = qidongtu.jpeg; sourceTree = "<group>"; };
		403758A32973F42B006C834E /* zhuce.png */ = {isa = PBXFileReference; lastKnownFileType = image.png; path = zhuce.png; sourceTree = "<group>"; };
		403758A52973F430006C834E /* denglu.png */ = {isa = PBXFileReference; lastKnownFileType = image.png; path = denglu.png; sourceTree = "<group>"; };
		403758A72973F529006C834E /* SignUpViewController.h */ = {isa = PBXFileReference; lastKnownFileType = sourcecode.c.h; path = SignUpViewController.h; sourceTree = "<group>"; };
		403758A82973F529006C834E /* SignUpViewController.m */ = {isa = PBXFileReference; lastKnownFileType = sourcecode.c.objc; path = SignUpViewController.m; sourceTree = "<group>"; };
		403758AA2973F545006C834E /* SignUpView.h */ = {isa = PBXFileReference; lastKnownFileType = sourcecode.c.h; path = SignUpView.h; sourceTree = "<group>"; };
		403758AB2973F545006C834E /* SignUpView.m */ = {isa = PBXFileReference; lastKnownFileType = sourcecode.c.objc; path = SignUpView.m; sourceTree = "<group>"; };
		403758AD2973F8BD006C834E /* zhanghao.png */ = {isa = PBXFileReference; lastKnownFileType = image.png; path = zhanghao.png; sourceTree = "<group>"; };
		403758AE2973F8BD006C834E /* mima.png */ = {isa = PBXFileReference; lastKnownFileType = image.png; path = mima.png; sourceTree = "<group>"; };
		403758B1297415C2006C834E /* SignView.h */ = {isa = PBXFileReference; lastKnownFileType = sourcecode.c.h; name = SignView.h; path = VoluntaryBest/Settings/Login/V/SignView.h; sourceTree = SOURCE_ROOT; };
		403758B2297415C2006C834E /* SignView.m */ = {isa = PBXFileReference; lastKnownFileType = sourcecode.c.objc; name = SignView.m; path = VoluntaryBest/Settings/Login/V/SignView.m; sourceTree = SOURCE_ROOT; };
		B9B1929E2973BE3300CC0811 /* NewsViewController.h */ = {isa = PBXFileReference; lastKnownFileType = sourcecode.c.h; path = NewsViewController.h; sourceTree = "<group>"; };
		B9B1929F2973BE3300CC0811 /* NewsViewController.m */ = {isa = PBXFileReference; lastKnownFileType = sourcecode.c.objc; path = NewsViewController.m; sourceTree = "<group>"; };
		B9B192A12973BE6100CC0811 /* ScanViewController.h */ = {isa = PBXFileReference; lastKnownFileType = sourcecode.c.h; path = ScanViewController.h; sourceTree = "<group>"; };
		B9B192A22973BE6100CC0811 /* ScanViewController.m */ = {isa = PBXFileReference; lastKnownFileType = sourcecode.c.objc; path = ScanViewController.m; sourceTree = "<group>"; };
		B9B192A42973BE8E00CC0811 /* SearchViewController.h */ = {isa = PBXFileReference; lastKnownFileType = sourcecode.c.h; path = SearchViewController.h; sourceTree = "<group>"; };
		B9B192A52973BE8E00CC0811 /* SearchViewController.m */ = {isa = PBXFileReference; lastKnownFileType = sourcecode.c.objc; path = SearchViewController.m; sourceTree = "<group>"; };
		B9B192A72973BEF400CC0811 /* NewsView.h */ = {isa = PBXFileReference; lastKnownFileType = sourcecode.c.h; path = NewsView.h; sourceTree = "<group>"; };
		B9B192A82973BEF400CC0811 /* NewsView.m */ = {isa = PBXFileReference; lastKnownFileType = sourcecode.c.objc; path = NewsView.m; sourceTree = "<group>"; };
		B9B192AA2973BF3000CC0811 /* ScanView.h */ = {isa = PBXFileReference; lastKnownFileType = sourcecode.c.h; path = ScanView.h; sourceTree = "<group>"; };
		B9B192AB2973BF3000CC0811 /* ScanView.m */ = {isa = PBXFileReference; lastKnownFileType = sourcecode.c.objc; path = ScanView.m; sourceTree = "<group>"; };
		B9B192B02973BFAD00CC0811 /* SearchView.h */ = {isa = PBXFileReference; lastKnownFileType = sourcecode.c.h; path = SearchView.h; sourceTree = "<group>"; };
		B9B192B12973BFAD00CC0811 /* SearchView.m */ = {isa = PBXFileReference; lastKnownFileType = sourcecode.c.objc; path = SearchView.m; sourceTree = "<group>"; };
		B9B192B32973C25A00CC0811 /* dunpai.png */ = {isa = PBXFileReference; lastKnownFileType = image.png; path = dunpai.png; sourceTree = "<group>"; };
		B9B192B52973C25E00CC0811 /* xingxing.png */ = {isa = PBXFileReference; lastKnownFileType = image.png; path = xingxing.png; sourceTree = "<group>"; };
		B9B192B72973C27400CC0811 /* gouwulan.png */ = {isa = PBXFileReference; lastKnownFileType = image.png; path = gouwulan.png; sourceTree = "<group>"; };
		B9B192B92973C27A00CC0811 /* jiangbei.png */ = {isa = PBXFileReference; lastKnownFileType = image.png; path = jiangbei.png; sourceTree = "<group>"; };
		B9B192BA2973C27A00CC0811 /* home.png */ = {isa = PBXFileReference; lastKnownFileType = image.png; path = home.png; sourceTree = "<group>"; };
		B9B192BB2973C27A00CC0811 /* maomi.png */ = {isa = PBXFileReference; lastKnownFileType = image.png; path = maomi.png; sourceTree = "<group>"; };
		B9B192BC2973C27A00CC0811 /* meigui.png */ = {isa = PBXFileReference; lastKnownFileType = image.png; path = meigui.png; sourceTree = "<group>"; };
		B9B192BD2973C27A00CC0811 /* ketang.png */ = {isa = PBXFileReference; lastKnownFileType = image.png; path = ketang.png; sourceTree = "<group>"; };
		B9B192C32973C27F00CC0811 /* gongyi-2.png */ = {isa = PBXFileReference; lastKnownFileType = image.png; path = "gongyi-2.png"; sourceTree = "<group>"; };
		B9B192C42973C27F00CC0811 /* shipin.png */ = {isa = PBXFileReference; lastKnownFileType = image.png; path = shipin.png; sourceTree = "<group>"; };
		B9B192C72973C28C00CC0811 /* chazhao-.png */ = {isa = PBXFileReference; lastKnownFileType = image.png; path = "chazhao-.png"; sourceTree = "<group>"; };
		B9B192C82973C28C00CC0811 /* gongyi.png */ = {isa = PBXFileReference; lastKnownFileType = image.png; path = gongyi.png; sourceTree = "<group>"; };
		B9B192C92973C28C00CC0811 /* qizhi.png */ = {isa = PBXFileReference; lastKnownFileType = image.png; path = qizhi.png; sourceTree = "<group>"; };
		B9B192CA2973C28C00CC0811 /* yaoqing.png */ = {isa = PBXFileReference; lastKnownFileType = image.png; path = yaoqing.png; sourceTree = "<group>"; };
		B9B192FF2974260300CC0811 /* qidong.jpeg */ = {isa = PBXFileReference; lastKnownFileType = image.jpeg; path = qidong.jpeg; sourceTree = "<group>"; };
		B9B193012974260D00CC0811 /* shouye-3.png */ = {isa = PBXFileReference; lastKnownFileType = image.png; path = "shouye-3.png"; sourceTree = "<group>"; };
		B9B193032974262900CC0811 /* shouye-4.png */ = {isa = PBXFileReference; lastKnownFileType = image.png; path = "shouye-4.png"; sourceTree = "<group>"; };
		B9B193052974263200CC0811 /* aixin-2.png */ = {isa = PBXFileReference; lastKnownFileType = image.png; path = "aixin-2.png"; sourceTree = "<group>"; };
		B9B193072974263800CC0811 /* aixin-3.png */ = {isa = PBXFileReference; lastKnownFileType = image.png; path = "aixin-3.png"; sourceTree = "<group>"; };
		B9B193092974263D00CC0811 /* dingwei.png */ = {isa = PBXFileReference; lastKnownFileType = image.png; path = dingwei.png; sourceTree = "<group>"; };
		B9B1930B2974264300CC0811 /* dingwei-2.png */ = {isa = PBXFileReference; lastKnownFileType = image.png; path = "dingwei-2.png"; sourceTree = "<group>"; };
		B9B1930D2974264800CC0811 /* friends-2.png */ = {isa = PBXFileReference; lastKnownFileType = image.png; path = "friends-2.png"; sourceTree = "<group>"; };
		B9B1930F2974264D00CC0811 /* friends.png */ = {isa = PBXFileReference; lastKnownFileType = image.png; path = friends.png; sourceTree = "<group>"; };
		B9B193112974265400CC0811 /* wode-2.png */ = {isa = PBXFileReference; lastKnownFileType = image.png; path = "wode-2.png"; sourceTree = "<group>"; };
		B9B193132974265900CC0811 /* wode.png */ = {isa = PBXFileReference; lastKnownFileType = image.png; path = wode.png; sourceTree = "<group>"; };
		B9B193152975D25600CC0811 /* 2.jpeg */ = {isa = PBXFileReference; lastKnownFileType = image.jpeg; name = 2.jpeg; path = ../../../../2.jpeg; sourceTree = "<group>"; };
		B9B193162975D25600CC0811 /* 1.jpeg */ = {isa = PBXFileReference; lastKnownFileType = image.jpeg; name = 1.jpeg; path = ../../../../1.jpeg; sourceTree = "<group>"; };
		B9B193172975D25600CC0811 /* 3.jpeg */ = {isa = PBXFileReference; lastKnownFileType = image.jpeg; name = 3.jpeg; path = ../../../../3.jpeg; sourceTree = "<group>"; };
		B9E58988296C696900B7D15E /* MainView.h */ = {isa = PBXFileReference; lastKnownFileType = sourcecode.c.h; path = MainView.h; sourceTree = "<group>"; };
		B9E58989296C696900B7D15E /* MainView.m */ = {isa = PBXFileReference; lastKnownFileType = sourcecode.c.objc; path = MainView.m; sourceTree = "<group>"; };
		B9E5898F296C6EAD00B7D15E /* MainPickerView.h */ = {isa = PBXFileReference; lastKnownFileType = sourcecode.c.h; path = MainPickerView.h; sourceTree = "<group>"; };
		B9E58990296C6EAD00B7D15E /* MainPickerView.m */ = {isa = PBXFileReference; lastKnownFileType = sourcecode.c.objc; path = MainPickerView.m; sourceTree = "<group>"; };
		B9E58992296C6EC200B7D15E /* MainPickerViewController.h */ = {isa = PBXFileReference; lastKnownFileType = sourcecode.c.h; path = MainPickerViewController.h; sourceTree = "<group>"; };
		B9E58993296C6EC200B7D15E /* MainPickerViewController.m */ = {isa = PBXFileReference; lastKnownFileType = sourcecode.c.objc; path = MainPickerViewController.m; sourceTree = "<group>"; };
		B9E58996296C848A00B7D15E /* xiaoxi.png */ = {isa = PBXFileReference; lastKnownFileType = image.png; path = xiaoxi.png; sourceTree = "<group>"; };
		B9E58997296C848A00B7D15E /* saomiao.png */ = {isa = PBXFileReference; lastKnownFileType = image.png; path = saomiao.png; sourceTree = "<group>"; };
		B9E58998296C848A00B7D15E /* sousuo.png */ = {isa = PBXFileReference; lastKnownFileType = image.png; path = sousuo.png; sourceTree = "<group>"; };
		BFD62B9CE786727B1EF9B7F1 /* Pods-VoluntaryBest.debug.xcconfig */ = {isa = PBXFileReference; includeInIndex = 1; lastKnownFileType = text.xcconfig; name = "Pods-VoluntaryBest.debug.xcconfig"; path = "Target Support Files/Pods-VoluntaryBest/Pods-VoluntaryBest.debug.xcconfig"; sourceTree = "<group>"; };
		D0899E6DFBF7F30A84D7E409 /* libPods-VoluntaryBest.a */ = {isa = PBXFileReference; explicitFileType = archive.ar; includeInIndex = 0; path = "libPods-VoluntaryBest.a"; sourceTree = BUILT_PRODUCTS_DIR; };
		EF45F58C014DFCF0A7D03608 /* Pods-VoluntaryBest.release.xcconfig */ = {isa = PBXFileReference; includeInIndex = 1; lastKnownFileType = text.xcconfig; name = "Pods-VoluntaryBest.release.xcconfig"; path = "Target Support Files/Pods-VoluntaryBest/Pods-VoluntaryBest.release.xcconfig"; sourceTree = "<group>"; };
/* End PBXFileReference section */

/* Begin PBXFrameworksBuildPhase section */
		4037574E2965C9B9006C834E /* Frameworks */ = {
			isa = PBXFrameworksBuildPhase;
			buildActionMask = 2147483647;
			files = (
				B2ED9B50980EE0CE13EDA480 /* libPods-VoluntaryBest.a in Frameworks */,
			);
			runOnlyForDeploymentPostprocessing = 0;
		};
		403757692965C9BB006C834E /* Frameworks */ = {
			isa = PBXFrameworksBuildPhase;
			buildActionMask = 2147483647;
			files = (
			);
			runOnlyForDeploymentPostprocessing = 0;
		};
		403757732965C9BB006C834E /* Frameworks */ = {
			isa = PBXFrameworksBuildPhase;
			buildActionMask = 2147483647;
			files = (
			);
			runOnlyForDeploymentPostprocessing = 0;
		};
/* End PBXFrameworksBuildPhase section */

/* Begin PBXGroup section */
		403757482965C9B9006C834E = {
			isa = PBXGroup;
			children = (
				403757B429688CB4006C834E /* images */,
				403757532965C9B9006C834E /* VoluntaryBest */,
				4037576F2965C9BB006C834E /* VoluntaryBestTests */,
				403757792965C9BB006C834E /* VoluntaryBestUITests */,
				403757522965C9B9006C834E /* Products */,
				B7E256B4C72113E419324190 /* Pods */,
				ADCDA92C70442D99033CEC9E /* Frameworks */,
			);
			sourceTree = "<group>";
		};
		403757522965C9B9006C834E /* Products */ = {
			isa = PBXGroup;
			children = (
				403757512965C9B9006C834E /* VoluntaryBest.app */,
				4037576C2965C9BB006C834E /* VoluntaryBestTests.xctest */,
				403757762965C9BB006C834E /* VoluntaryBestUITests.xctest */,
			);
			name = Products;
			sourceTree = "<group>";
		};
		403757532965C9B9006C834E /* VoluntaryBest */ = {
			isa = PBXGroup;
			children = (
				403757542965C9B9006C834E /* AppDelegate.h */,
				403757552965C9B9006C834E /* AppDelegate.m */,
				403757572965C9B9006C834E /* SceneDelegate.h */,
				403757582965C9B9006C834E /* SceneDelegate.m */,
				4037575A2965C9B9006C834E /* ViewController.h */,
				4037575B2965C9B9006C834E /* ViewController.m */,
				403757892965DE7A006C834E /* Main */,
				403757942965E09C006C834E /* Assistance */,
				403757932965E05A006C834E /* Sign */,
				403757922965DFB1006C834E /* Forum */,
				403757912965DF7C006C834E /* Settings */,
				4037575D2965C9B9006C834E /* Main.storyboard */,
				403757602965C9BB006C834E /* Assets.xcassets */,
				403757622965C9BB006C834E /* LaunchScreen.storyboard */,
				403757652965C9BB006C834E /* Info.plist */,
				403757662965C9BB006C834E /* main.m */,
			);
			path = VoluntaryBest;
			sourceTree = "<group>";
		};
		4037576F2965C9BB006C834E /* VoluntaryBestTests */ = {
			isa = PBXGroup;
			children = (
				403757702965C9BB006C834E /* VoluntaryBestTests.m */,
			);
			path = VoluntaryBestTests;
			sourceTree = "<group>";
		};
		403757792965C9BB006C834E /* VoluntaryBestUITests */ = {
			isa = PBXGroup;
			children = (
				4037577A2965C9BB006C834E /* VoluntaryBestUITests.m */,
				4037577C2965C9BB006C834E /* VoluntaryBestUITestsLaunchTests.m */,
			);
			path = VoluntaryBestUITests;
			sourceTree = "<group>";
		};
		403757892965DE7A006C834E /* Main */ = {
			isa = PBXGroup;
			children = (
				B9E5898B296C6E4F00B7D15E /* Other */,
				403757902965DF5F006C834E /* Interface */,
			);
			path = Main;
			sourceTree = "<group>";
		};
		4037578A2965DEF1006C834E /* M */ = {
			isa = PBXGroup;
			children = (
			);
			path = M;
			sourceTree = "<group>";
		};
		4037578C2965DEFF006C834E /* C */ = {
			isa = PBXGroup;
			children = (
				4037578D2965DF43006C834E /* MainController.h */,
				4037578E2965DF43006C834E /* MainController.m */,
			);
			path = C;
			sourceTree = "<group>";
		};
		403757902965DF5F006C834E /* Interface */ = {
			isa = PBXGroup;
			children = (
				B9E58987296C694D00B7D15E /* V */,
				4037578C2965DEFF006C834E /* C */,
				4037578A2965DEF1006C834E /* M */,
			);
			path = Interface;
			sourceTree = "<group>";
		};
		403757912965DF7C006C834E /* Settings */ = {
			isa = PBXGroup;
			children = (
				403758832973E62D006C834E /* Login */,
				403757972965E12F006C834E /* Interface */,
			);
			path = Settings;
			sourceTree = "<group>";
		};
		403757922965DFB1006C834E /* Forum */ = {
			isa = PBXGroup;
			children = (
				403757962965E124006C834E /* Interface */,
			);
			path = Forum;
			sourceTree = "<group>";
		};
		403757932965E05A006C834E /* Sign */ = {
			isa = PBXGroup;
			children = (
				403757A12965E216006C834E /* Interface */,
			);
			path = Sign;
			sourceTree = "<group>";
		};
		403757942965E09C006C834E /* Assistance */ = {
			isa = PBXGroup;
			children = (
				403757952965E108006C834E /* Interface */,
			);
			path = Assistance;
			sourceTree = "<group>";
		};
		403757952965E108006C834E /* Interface */ = {
			isa = PBXGroup;
			children = (
				403757AD2965E277006C834E /* C */,
				403757AC2965E271006C834E /* V */,
				403757AB2965E267006C834E /* M */,
			);
			path = Interface;
			sourceTree = "<group>";
		};
		403757962965E124006C834E /* Interface */ = {
			isa = PBXGroup;
			children = (
				403757A02965E1F6006C834E /* C */,
				4037579F2965E1F0006C834E /* V */,
				4037579E2965E1E6006C834E /* M */,
			);
			path = Interface;
			sourceTree = "<group>";
		};
		403757972965E12F006C834E /* Interface */ = {
			isa = PBXGroup;
			children = (
				4037579A2965E143006C834E /* C */,
				403757992965E13D006C834E /* V */,
				403757982965E136006C834E /* M */,
			);
			path = Interface;
			sourceTree = "<group>";
		};
		403757982965E136006C834E /* M */ = {
			isa = PBXGroup;
			children = (
			);
			path = M;
			sourceTree = "<group>";
		};
		403757992965E13D006C834E /* V */ = {
			isa = PBXGroup;
			children = (
				403757B129687A80006C834E /* SettingsView.h */,
				403757B229687A80006C834E /* SettingsView.m */,
			);
			path = V;
			sourceTree = "<group>";
		};
		4037579A2965E143006C834E /* C */ = {
			isa = PBXGroup;
			children = (
				4037579B2965E175006C834E /* SettingsController.h */,
				4037579C2965E175006C834E /* SettingsController.m */,
			);
			path = C;
			sourceTree = "<group>";
		};
		4037579E2965E1E6006C834E /* M */ = {
			isa = PBXGroup;
			children = (
			);
			path = M;
			sourceTree = "<group>";
		};
		4037579F2965E1F0006C834E /* V */ = {
			isa = PBXGroup;
			children = (
				403757BF296ABA3A006C834E /* ForumView.h */,
				403757C0296ABA3A006C834E /* ForumView.m */,
				403757C2296AD613006C834E /* ForumTableViewCell.h */,
				403757C3296AD613006C834E /* ForumTableViewCell.m */,
			);
			path = V;
			sourceTree = "<group>";
		};
		403757A02965E1F6006C834E /* C */ = {
			isa = PBXGroup;
			children = (
				403757A82965E25D006C834E /* ForumController.h */,
				403757A92965E25D006C834E /* ForumController.m */,
			);
			path = C;
			sourceTree = "<group>";
		};
		403757A12965E216006C834E /* Interface */ = {
			isa = PBXGroup;
			children = (
				403757A42965E22B006C834E /* C */,
				403757A32965E225006C834E /* V */,
				403757A22965E220006C834E /* M */,
			);
			path = Interface;
			sourceTree = "<group>";
		};
		403757A22965E220006C834E /* M */ = {
			isa = PBXGroup;
			children = (
			);
			path = M;
			sourceTree = "<group>";
		};
		403757A32965E225006C834E /* V */ = {
			isa = PBXGroup;
			children = (
				403758B1297415C2006C834E /* SignView.h */,
				403758B2297415C2006C834E /* SignView.m */,
			);
			path = V;
			sourceTree = "<group>";
		};
		403757A42965E22B006C834E /* C */ = {
			isa = PBXGroup;
			children = (
				403757A52965E241006C834E /* SignController.h */,
				403757A62965E241006C834E /* SignController.m */,
			);
			path = C;
			sourceTree = "<group>";
		};
		403757AB2965E267006C834E /* M */ = {
			isa = PBXGroup;
			children = (
			);
			path = M;
			sourceTree = "<group>";
		};
		403757AC2965E271006C834E /* V */ = {
			isa = PBXGroup;
			children = (
			);
			path = V;
			sourceTree = "<group>";
		};
		403757AD2965E277006C834E /* C */ = {
			isa = PBXGroup;
			children = (
				403757AE2965E28C006C834E /* AssistanceController.h */,
				403757AF2965E28C006C834E /* AssistanceController.m */,
			);
			path = C;
			sourceTree = "<group>";
		};
		403757B429688CB4006C834E /* images */ = {
			isa = PBXGroup;
			children = (
				403758942973EF2E006C834E /* qidongtu.jpeg */,
				4037588F2973EF2D006C834E /* QQ20221215-1.jpg */,
				B9B192FE297425DA00CC0811 /* sum */,
				B9E58995296C847400B7D15E /* InMain */,
				403757B829688CEC006C834E /* InAssistance */,
				403757B729688CE0006C834E /* InSign */,
				403757B629688CD7006C834E /* InForum */,
				403757B529688CBD006C834E /* InSettings */,
			);
			path = images;
			sourceTree = "<group>";
		};
		403757B529688CBD006C834E /* InSettings */ = {
			isa = PBXGroup;
			children = (
				403758AD2973F8BD006C834E /* zhanghao.png */,
				403758AE2973F8BD006C834E /* mima.png */,
				4037588D2973EB4C006C834E /* return.png */,
				403757BC296A9AC8006C834E /* xiugai.png */,
				403757BA29688DD7006C834E /* touxiang.jpg */,
				403758A32973F42B006C834E /* zhuce.png */,
				403758A52973F430006C834E /* denglu.png */,
			);
			path = InSettings;
			sourceTree = "<group>";
		};
		403757B629688CD7006C834E /* InForum */ = {
			isa = PBXGroup;
			children = (
				403757C5296C88F7006C834E /* peitu1.jpg */,
				403757C7296C88FC006C834E /* peitu2.jpg */,
				403757C9296C9664006C834E /* touxiang0.jpg */,
				403757CB296CA118006C834E /* gengduo-2.png */,
				403757CD296CA289006C834E /* icon-2.png */,
				403757CF296CA28F006C834E /* icon.png */,
				403757D1296CA2CC006C834E /* pinglun-2.png */,
			);
			path = InForum;
			sourceTree = "<group>";
		};
		403757B729688CE0006C834E /* InSign */ = {
			isa = PBXGroup;
			children = (
			);
			path = InSign;
			sourceTree = "<group>";
		};
		403757B829688CEC006C834E /* InAssistance */ = {
			isa = PBXGroup;
			children = (
			);
			path = InAssistance;
			sourceTree = "<group>";
		};
		403758832973E62D006C834E /* Login */ = {
			isa = PBXGroup;
			children = (
				403758862973E699006C834E /* C */,
				403758852973E695006C834E /* V */,
				403758842973E63F006C834E /* M */,
			);
			path = Login;
			sourceTree = "<group>";
		};
		403758842973E63F006C834E /* M */ = {
			isa = PBXGroup;
			children = (
			);
			path = M;
			sourceTree = "<group>";
		};
		403758852973E695006C834E /* V */ = {
			isa = PBXGroup;
			children = (
				4037588A2973E6BE006C834E /* LoginView.h */,
				4037588B2973E6BE006C834E /* LoginView.m */,
				403758AA2973F545006C834E /* SignUpView.h */,
				403758AB2973F545006C834E /* SignUpView.m */,
			);
			path = V;
			sourceTree = "<group>";
		};
		403758862973E699006C834E /* C */ = {
			isa = PBXGroup;
			children = (
				403758872973E6A8006C834E /* LoginViewController.h */,
				403758882973E6A8006C834E /* LoginViewController.m */,
				403758A72973F529006C834E /* SignUpViewController.h */,
				403758A82973F529006C834E /* SignUpViewController.m */,
			);
			path = C;
			sourceTree = "<group>";
		};
		ADCDA92C70442D99033CEC9E /* Frameworks */ = {
			isa = PBXGroup;
			children = (
				D0899E6DFBF7F30A84D7E409 /* libPods-VoluntaryBest.a */,
			);
			name = Frameworks;
			sourceTree = "<group>";
		};
		B7E256B4C72113E419324190 /* Pods */ = {
			isa = PBXGroup;
			children = (
				BFD62B9CE786727B1EF9B7F1 /* Pods-VoluntaryBest.debug.xcconfig */,
				EF45F58C014DFCF0A7D03608 /* Pods-VoluntaryBest.release.xcconfig */,
			);
			path = Pods;
			sourceTree = "<group>";
		};
		B9B192FE297425DA00CC0811 /* sum */ = {
			isa = PBXGroup;
			children = (
				B9B192FF2974260300CC0811 /* qidong.jpeg */,
				B9B193012974260D00CC0811 /* shouye-3.png */,
				B9B193032974262900CC0811 /* shouye-4.png */,
				B9B193052974263200CC0811 /* aixin-2.png */,
				B9B193072974263800CC0811 /* aixin-3.png */,
				B9B193092974263D00CC0811 /* dingwei.png */,
				B9B1930B2974264300CC0811 /* dingwei-2.png */,
				B9B1930D2974264800CC0811 /* friends-2.png */,
				B9B1930F2974264D00CC0811 /* friends.png */,
				B9B193112974265400CC0811 /* wode-2.png */,
				B9B193132974265900CC0811 /* wode.png */,
			);
			path = sum;
			sourceTree = "<group>";
		};
		B9E58987296C694D00B7D15E /* V */ = {
			isa = PBXGroup;
			children = (
				B9E58988296C696900B7D15E /* MainView.h */,
				B9E58989296C696900B7D15E /* MainView.m */,
			);
			path = V;
			sourceTree = "<group>";
		};
		B9E5898B296C6E4F00B7D15E /* Other */ = {
			isa = PBXGroup;
			children = (
				B9E5898E296C6E8900B7D15E /* C */,
				B9E5898D296C6E7B00B7D15E /* V */,
				B9E5898C296C6E6A00B7D15E /* M */,
			);
			path = Other;
			sourceTree = "<group>";
		};
		B9E5898C296C6E6A00B7D15E /* M */ = {
			isa = PBXGroup;
			children = (
			);
			path = M;
			sourceTree = "<group>";
		};
		B9E5898D296C6E7B00B7D15E /* V */ = {
			isa = PBXGroup;
			children = (
				B9E5898F296C6EAD00B7D15E /* MainPickerView.h */,
				B9E58990296C6EAD00B7D15E /* MainPickerView.m */,
				B9B192A72973BEF400CC0811 /* NewsView.h */,
				B9B192A82973BEF400CC0811 /* NewsView.m */,
				B9B192AA2973BF3000CC0811 /* ScanView.h */,
				B9B192AB2973BF3000CC0811 /* ScanView.m */,
				B9B192B02973BFAD00CC0811 /* SearchView.h */,
				B9B192B12973BFAD00CC0811 /* SearchView.m */,
			);
			path = V;
			sourceTree = "<group>";
		};
		B9E5898E296C6E8900B7D15E /* C */ = {
			isa = PBXGroup;
			children = (
				B9E58992296C6EC200B7D15E /* MainPickerViewController.h */,
				B9E58993296C6EC200B7D15E /* MainPickerViewController.m */,
				B9B1929E2973BE3300CC0811 /* NewsViewController.h */,
				B9B1929F2973BE3300CC0811 /* NewsViewController.m */,
				B9B192A12973BE6100CC0811 /* ScanViewController.h */,
				B9B192A22973BE6100CC0811 /* ScanViewController.m */,
				B9B192A42973BE8E00CC0811 /* SearchViewController.h */,
				B9B192A52973BE8E00CC0811 /* SearchViewController.m */,
			);
			path = C;
			sourceTree = "<group>";
		};
		B9E58995296C847400B7D15E /* InMain */ = {
			isa = PBXGroup;
			children = (
				B9B193162975D25600CC0811 /* 1.jpeg */,
				B9B193152975D25600CC0811 /* 2.jpeg */,
				B9B193172975D25600CC0811 /* 3.jpeg */,
				B9B192C72973C28C00CC0811 /* chazhao-.png */,
				B9B192C82973C28C00CC0811 /* gongyi.png */,
				B9B192C92973C28C00CC0811 /* qizhi.png */,
				B9B192CA2973C28C00CC0811 /* yaoqing.png */,
				B9B192B52973C25E00CC0811 /* xingxing.png */,
				B9B192B72973C27400CC0811 /* gouwulan.png */,
				B9B192BB2973C27A00CC0811 /* maomi.png */,
				B9B192C32973C27F00CC0811 /* gongyi-2.png */,
				B9B192C42973C27F00CC0811 /* shipin.png */,
				B9B192B92973C27A00CC0811 /* jiangbei.png */,
				B9B192BC2973C27A00CC0811 /* meigui.png */,
				B9B192BD2973C27A00CC0811 /* ketang.png */,
				B9B192BA2973C27A00CC0811 /* home.png */,
				B9B192B32973C25A00CC0811 /* dunpai.png */,
				B9E58997296C848A00B7D15E /* saomiao.png */,
				B9E58998296C848A00B7D15E /* sousuo.png */,
				B9E58996296C848A00B7D15E /* xiaoxi.png */,
			);
			path = InMain;
			sourceTree = "<group>";
		};
/* End PBXGroup section */

/* Begin PBXNativeTarget section */
		403757502965C9B9006C834E /* VoluntaryBest */ = {
			isa = PBXNativeTarget;
			buildConfigurationList = 403757802965C9BB006C834E /* Build configuration list for PBXNativeTarget "VoluntaryBest" */;
			buildPhases = (
				1BDD4697982C99B46A31F5B0 /* [CP] Check Pods Manifest.lock */,
				4037574D2965C9B9006C834E /* Sources */,
				4037574E2965C9B9006C834E /* Frameworks */,
				4037574F2965C9B9006C834E /* Resources */,
			);
			buildRules = (
			);
			dependencies = (
			);
			name = VoluntaryBest;
			productName = VoluntaryBest;
			productReference = 403757512965C9B9006C834E /* VoluntaryBest.app */;
			productType = "com.apple.product-type.application";
		};
		4037576B2965C9BB006C834E /* VoluntaryBestTests */ = {
			isa = PBXNativeTarget;
			buildConfigurationList = 403757832965C9BB006C834E /* Build configuration list for PBXNativeTarget "VoluntaryBestTests" */;
			buildPhases = (
				403757682965C9BB006C834E /* Sources */,
				403757692965C9BB006C834E /* Frameworks */,
				4037576A2965C9BB006C834E /* Resources */,
			);
			buildRules = (
			);
			dependencies = (
				4037576E2965C9BB006C834E /* PBXTargetDependency */,
			);
			name = VoluntaryBestTests;
			productName = VoluntaryBestTests;
			productReference = 4037576C2965C9BB006C834E /* VoluntaryBestTests.xctest */;
			productType = "com.apple.product-type.bundle.unit-test";
		};
		403757752965C9BB006C834E /* VoluntaryBestUITests */ = {
			isa = PBXNativeTarget;
			buildConfigurationList = 403757862965C9BB006C834E /* Build configuration list for PBXNativeTarget "VoluntaryBestUITests" */;
			buildPhases = (
				403757722965C9BB006C834E /* Sources */,
				403757732965C9BB006C834E /* Frameworks */,
				403757742965C9BB006C834E /* Resources */,
			);
			buildRules = (
			);
			dependencies = (
				403757782965C9BB006C834E /* PBXTargetDependency */,
			);
			name = VoluntaryBestUITests;
			productName = VoluntaryBestUITests;
			productReference = 403757762965C9BB006C834E /* VoluntaryBestUITests.xctest */;
			productType = "com.apple.product-type.bundle.ui-testing";
		};
/* End PBXNativeTarget section */

/* Begin PBXProject section */
		403757492965C9B9006C834E /* Project object */ = {
			isa = PBXProject;
			attributes = {
				BuildIndependentTargetsInParallel = 1;
				LastUpgradeCheck = 1340;
				TargetAttributes = {
					403757502965C9B9006C834E = {
						CreatedOnToolsVersion = 13.4.1;
					};
					4037576B2965C9BB006C834E = {
						CreatedOnToolsVersion = 13.4.1;
						TestTargetID = 403757502965C9B9006C834E;
					};
					403757752965C9BB006C834E = {
						CreatedOnToolsVersion = 13.4.1;
						TestTargetID = 403757502965C9B9006C834E;
					};
				};
			};
			buildConfigurationList = 4037574C2965C9B9006C834E /* Build configuration list for PBXProject "VoluntaryBest" */;
			compatibilityVersion = "Xcode 13.0";
			developmentRegion = en;
			hasScannedForEncodings = 0;
			knownRegions = (
				en,
				Base,
			);
			mainGroup = 403757482965C9B9006C834E;
			productRefGroup = 403757522965C9B9006C834E /* Products */;
			projectDirPath = "";
			projectRoot = "";
			targets = (
				403757502965C9B9006C834E /* VoluntaryBest */,
				4037576B2965C9BB006C834E /* VoluntaryBestTests */,
				403757752965C9BB006C834E /* VoluntaryBestUITests */,
			);
		};
/* End PBXProject section */

/* Begin PBXResourcesBuildPhase section */
		4037574F2965C9B9006C834E /* Resources */ = {
			isa = PBXResourcesBuildPhase;
			buildActionMask = 2147483647;
			files = (
				4037589E2973EF2E006C834E /* qidongtu.jpeg in Resources */,
				403757642965C9BB006C834E /* LaunchScreen.storyboard in Resources */,
				B9B192C12973C27A00CC0811 /* meigui.png in Resources */,
				B9B193082974263800CC0811 /* aixin-3.png in Resources */,
				B9B193022974260D00CC0811 /* shouye-3.png in Resources */,
				B9B192B62973C25E00CC0811 /* xingxing.png in Resources */,
				B9E58999296C848A00B7D15E /* xiaoxi.png in Resources */,
				B9B193192975D25600CC0811 /* 1.jpeg in Resources */,
				403757612965C9BB006C834E /* Assets.xcassets in Resources */,
				B9B192C62973C27F00CC0811 /* shipin.png in Resources */,
				403758A42973F42C006C834E /* zhuce.png in Resources */,
				403757CC296CA119006C834E /* gengduo-2.png in Resources */,
				B9B192B82973C27400CC0811 /* gouwulan.png in Resources */,
				403758A62973F430006C834E /* denglu.png in Resources */,
				403757CA296C9664006C834E /* touxiang0.jpg in Resources */,
				403757D2296CA2CC006C834E /* pinglun-2.png in Resources */,
				403758B02973F8BD006C834E /* mima.png in Resources */,
				B9B192CB2973C28C00CC0811 /* chazhao-.png in Resources */,
				403758AF2973F8BD006C834E /* zhanghao.png in Resources */,
				B9B1930E2974264800CC0811 /* friends-2.png in Resources */,
				B9B1930C2974264300CC0811 /* dingwei-2.png in Resources */,
				B9E5899B296C848A00B7D15E /* sousuo.png in Resources */,
				403757BD296A9AC8006C834E /* xiugai.png in Resources */,
				B9B193062974263200CC0811 /* aixin-2.png in Resources */,
				B9B192CD2973C28C00CC0811 /* qizhi.png in Resources */,
				B9B1930A2974263D00CC0811 /* dingwei.png in Resources */,
				B9B193102974264D00CC0811 /* friends.png in Resources */,
				B9B192CC2973C28C00CC0811 /* gongyi.png in Resources */,
				403758992973EF2E006C834E /* QQ20221215-1.jpg in Resources */,
				B9B192C52973C27F00CC0811 /* gongyi-2.png in Resources */,
				403757C8296C88FC006C834E /* peitu2.jpg in Resources */,
				B9B193042974262900CC0811 /* shouye-4.png in Resources */,
				403757D0296CA28F006C834E /* icon.png in Resources */,
				B9B193002974260300CC0811 /* qidong.jpeg in Resources */,
				B9B192C22973C27A00CC0811 /* ketang.png in Resources */,
				B9B1931A2975D25600CC0811 /* 3.jpeg in Resources */,
				B9B193142974265900CC0811 /* wode.png in Resources */,
				403757BB29688DD7006C834E /* touxiang.jpg in Resources */,
				B9B192CE2973C28C00CC0811 /* yaoqing.png in Resources */,
				403757C6296C88F8006C834E /* peitu1.jpg in Resources */,
				B9B193122974265400CC0811 /* wode-2.png in Resources */,
				B9B192BE2973C27A00CC0811 /* jiangbei.png in Resources */,
				B9B192BF2973C27A00CC0811 /* home.png in Resources */,
				B9B192C02973C27A00CC0811 /* maomi.png in Resources */,
				4037588E2973EB4C006C834E /* return.png in Resources */,
				B9E5899A296C848A00B7D15E /* saomiao.png in Resources */,
				B9B193182975D25600CC0811 /* 2.jpeg in Resources */,
				4037575F2965C9B9006C834E /* Main.storyboard in Resources */,
				B9B192B42973C25A00CC0811 /* dunpai.png in Resources */,
				403757CE296CA289006C834E /* icon-2.png in Resources */,
			);
			runOnlyForDeploymentPostprocessing = 0;
		};
		4037576A2965C9BB006C834E /* Resources */ = {
			isa = PBXResourcesBuildPhase;
			buildActionMask = 2147483647;
			files = (
			);
			runOnlyForDeploymentPostprocessing = 0;
		};
		403757742965C9BB006C834E /* Resources */ = {
			isa = PBXResourcesBuildPhase;
			buildActionMask = 2147483647;
			files = (
			);
			runOnlyForDeploymentPostprocessing = 0;
		};
/* End PBXResourcesBuildPhase section */

/* Begin PBXShellScriptBuildPhase section */
		1BDD4697982C99B46A31F5B0 /* [CP] Check Pods Manifest.lock */ = {
			isa = PBXShellScriptBuildPhase;
			buildActionMask = 2147483647;
			files = (
			);
			inputFileListPaths = (
			);
			inputPaths = (
				"${PODS_PODFILE_DIR_PATH}/Podfile.lock",
				"${PODS_ROOT}/Manifest.lock",
			);
			name = "[CP] Check Pods Manifest.lock";
			outputFileListPaths = (
			);
			outputPaths = (
				"$(DERIVED_FILE_DIR)/Pods-VoluntaryBest-checkManifestLockResult.txt",
			);
			runOnlyForDeploymentPostprocessing = 0;
			shellPath = /bin/sh;
			shellScript = "diff \"${PODS_PODFILE_DIR_PATH}/Podfile.lock\" \"${PODS_ROOT}/Manifest.lock\" > /dev/null\nif [ $? != 0 ] ; then\n    # print error to STDERR\n    echo \"error: The sandbox is not in sync with the Podfile.lock. Run 'pod install' or update your CocoaPods installation.\" >&2\n    exit 1\nfi\n# This output is used by Xcode 'outputs' to avoid re-running this script phase.\necho \"SUCCESS\" > \"${SCRIPT_OUTPUT_FILE_0}\"\n";
			showEnvVarsInLog = 0;
		};
/* End PBXShellScriptBuildPhase section */

/* Begin PBXSourcesBuildPhase section */
		4037574D2965C9B9006C834E /* Sources */ = {
			isa = PBXSourcesBuildPhase;
			buildActionMask = 2147483647;
			files = (
				4037579D2965E175006C834E /* SettingsController.m in Sources */,
				B9B192AC2973BF3000CC0811 /* ScanView.m in Sources */,
				4037588C2973E6BE006C834E /* LoginView.m in Sources */,
				B9B192A32973BE6100CC0811 /* ScanViewController.m in Sources */,
				B9B192B22973BFAD00CC0811 /* SearchView.m in Sources */,
				403757AA2965E25D006C834E /* ForumController.m in Sources */,
				403757B02965E28C006C834E /* AssistanceController.m in Sources */,
				403758B3297415C2006C834E /* SignView.m in Sources */,
				B9B192A62973BE8E00CC0811 /* SearchViewController.m in Sources */,
				403757C4296AD613006C834E /* ForumTableViewCell.m in Sources */,
				403757A72965E241006C834E /* SignController.m in Sources */,
				403758AC2973F545006C834E /* SignUpView.m in Sources */,
				B9E5898A296C696900B7D15E /* MainView.m in Sources */,
				4037575C2965C9B9006C834E /* ViewController.m in Sources */,
				403757562965C9B9006C834E /* AppDelegate.m in Sources */,
				403757C1296ABA3A006C834E /* ForumView.m in Sources */,
				403758A92973F529006C834E /* SignUpViewController.m in Sources */,
				B9E58994296C6EC200B7D15E /* MainPickerViewController.m in Sources */,
				403757672965C9BB006C834E /* main.m in Sources */,
				B9B192A92973BEF400CC0811 /* NewsView.m in Sources */,
				B9B192A02973BE3300CC0811 /* NewsViewController.m in Sources */,
				4037578F2965DF43006C834E /* MainController.m in Sources */,
				403757592965C9B9006C834E /* SceneDelegate.m in Sources */,
				403757B329687A80006C834E /* SettingsView.m in Sources */,
				403758892973E6A8006C834E /* LoginViewController.m in Sources */,
				B9E58991296C6EAD00B7D15E /* MainPickerView.m in Sources */,
			);
			runOnlyForDeploymentPostprocessing = 0;
		};
		403757682965C9BB006C834E /* Sources */ = {
			isa = PBXSourcesBuildPhase;
			buildActionMask = 2147483647;
			files = (
				403757712965C9BB006C834E /* VoluntaryBestTests.m in Sources */,
			);
			runOnlyForDeploymentPostprocessing = 0;
		};
		403757722965C9BB006C834E /* Sources */ = {
			isa = PBXSourcesBuildPhase;
			buildActionMask = 2147483647;
			files = (
				4037577B2965C9BB006C834E /* VoluntaryBestUITests.m in Sources */,
				4037577D2965C9BB006C834E /* VoluntaryBestUITestsLaunchTests.m in Sources */,
			);
			runOnlyForDeploymentPostprocessing = 0;
		};
/* End PBXSourcesBuildPhase section */

/* Begin PBXTargetDependency section */
		4037576E2965C9BB006C834E /* PBXTargetDependency */ = {
			isa = PBXTargetDependency;
			target = 403757502965C9B9006C834E /* VoluntaryBest */;
			targetProxy = 4037576D2965C9BB006C834E /* PBXContainerItemProxy */;
		};
		403757782965C9BB006C834E /* PBXTargetDependency */ = {
			isa = PBXTargetDependency;
			target = 403757502965C9B9006C834E /* VoluntaryBest */;
			targetProxy = 403757772965C9BB006C834E /* PBXContainerItemProxy */;
		};
/* End PBXTargetDependency section */

/* Begin PBXVariantGroup section */
		4037575D2965C9B9006C834E /* Main.storyboard */ = {
			isa = PBXVariantGroup;
			children = (
				4037575E2965C9B9006C834E /* Base */,
			);
			name = Main.storyboard;
			sourceTree = "<group>";
		};
		403757622965C9BB006C834E /* LaunchScreen.storyboard */ = {
			isa = PBXVariantGroup;
			children = (
				403757632965C9BB006C834E /* Base */,
			);
			name = LaunchScreen.storyboard;
			sourceTree = "<group>";
		};
/* End PBXVariantGroup section */

/* Begin XCBuildConfiguration section */
		4037577E2965C9BB006C834E /* Debug */ = {
			isa = XCBuildConfiguration;
			buildSettings = {
				ALWAYS_SEARCH_USER_PATHS = NO;
				CLANG_ANALYZER_NONNULL = YES;
				CLANG_ANALYZER_NUMBER_OBJECT_CONVERSION = YES_AGGRESSIVE;
				CLANG_CXX_LANGUAGE_STANDARD = "gnu++17";
				CLANG_ENABLE_MODULES = YES;
				CLANG_ENABLE_OBJC_ARC = YES;
				CLANG_ENABLE_OBJC_WEAK = YES;
				CLANG_WARN_BLOCK_CAPTURE_AUTORELEASING = YES;
				CLANG_WARN_BOOL_CONVERSION = YES;
				CLANG_WARN_COMMA = YES;
				CLANG_WARN_CONSTANT_CONVERSION = YES;
				CLANG_WARN_DEPRECATED_OBJC_IMPLEMENTATIONS = YES;
				CLANG_WARN_DIRECT_OBJC_ISA_USAGE = YES_ERROR;
				CLANG_WARN_DOCUMENTATION_COMMENTS = YES;
				CLANG_WARN_EMPTY_BODY = YES;
				CLANG_WARN_ENUM_CONVERSION = YES;
				CLANG_WARN_INFINITE_RECURSION = YES;
				CLANG_WARN_INT_CONVERSION = YES;
				CLANG_WARN_NON_LITERAL_NULL_CONVERSION = YES;
				CLANG_WARN_OBJC_IMPLICIT_RETAIN_SELF = YES;
				CLANG_WARN_OBJC_LITERAL_CONVERSION = YES;
				CLANG_WARN_OBJC_ROOT_CLASS = YES_ERROR;
				CLANG_WARN_QUOTED_INCLUDE_IN_FRAMEWORK_HEADER = YES;
				CLANG_WARN_RANGE_LOOP_ANALYSIS = YES;
				CLANG_WARN_STRICT_PROTOTYPES = YES;
				CLANG_WARN_SUSPICIOUS_MOVE = YES;
				CLANG_WARN_UNGUARDED_AVAILABILITY = YES_AGGRESSIVE;
				CLANG_WARN_UNREACHABLE_CODE = YES;
				CLANG_WARN__DUPLICATE_METHOD_MATCH = YES;
				COPY_PHASE_STRIP = NO;
				DEBUG_INFORMATION_FORMAT = dwarf;
				ENABLE_STRICT_OBJC_MSGSEND = YES;
				ENABLE_TESTABILITY = YES;
				GCC_C_LANGUAGE_STANDARD = gnu11;
				GCC_DYNAMIC_NO_PIC = NO;
				GCC_NO_COMMON_BLOCKS = YES;
				GCC_OPTIMIZATION_LEVEL = 0;
				GCC_PREPROCESSOR_DEFINITIONS = (
					"DEBUG=1",
					"$(inherited)",
				);
				GCC_WARN_64_TO_32_BIT_CONVERSION = YES;
				GCC_WARN_ABOUT_RETURN_TYPE = YES_ERROR;
				GCC_WARN_UNDECLARED_SELECTOR = YES;
				GCC_WARN_UNINITIALIZED_AUTOS = YES_AGGRESSIVE;
				GCC_WARN_UNUSED_FUNCTION = YES;
				GCC_WARN_UNUSED_VARIABLE = YES;
				IPHONEOS_DEPLOYMENT_TARGET = 15.5;
				MTL_ENABLE_DEBUG_INFO = INCLUDE_SOURCE;
				MTL_FAST_MATH = YES;
				ONLY_ACTIVE_ARCH = YES;
				SDKROOT = iphoneos;
			};
			name = Debug;
		};
		4037577F2965C9BB006C834E /* Release */ = {
			isa = XCBuildConfiguration;
			buildSettings = {
				ALWAYS_SEARCH_USER_PATHS = NO;
				CLANG_ANALYZER_NONNULL = YES;
				CLANG_ANALYZER_NUMBER_OBJECT_CONVERSION = YES_AGGRESSIVE;
				CLANG_CXX_LANGUAGE_STANDARD = "gnu++17";
				CLANG_ENABLE_MODULES = YES;
				CLANG_ENABLE_OBJC_ARC = YES;
				CLANG_ENABLE_OBJC_WEAK = YES;
				CLANG_WARN_BLOCK_CAPTURE_AUTORELEASING = YES;
				CLANG_WARN_BOOL_CONVERSION = YES;
				CLANG_WARN_COMMA = YES;
				CLANG_WARN_CONSTANT_CONVERSION = YES;
				CLANG_WARN_DEPRECATED_OBJC_IMPLEMENTATIONS = YES;
				CLANG_WARN_DIRECT_OBJC_ISA_USAGE = YES_ERROR;
				CLANG_WARN_DOCUMENTATION_COMMENTS = YES;
				CLANG_WARN_EMPTY_BODY = YES;
				CLANG_WARN_ENUM_CONVERSION = YES;
				CLANG_WARN_INFINITE_RECURSION = YES;
				CLANG_WARN_INT_CONVERSION = YES;
				CLANG_WARN_NON_LITERAL_NULL_CONVERSION = YES;
				CLANG_WARN_OBJC_IMPLICIT_RETAIN_SELF = YES;
				CLANG_WARN_OBJC_LITERAL_CONVERSION = YES;
				CLANG_WARN_OBJC_ROOT_CLASS = YES_ERROR;
				CLANG_WARN_QUOTED_INCLUDE_IN_FRAMEWORK_HEADER = YES;
				CLANG_WARN_RANGE_LOOP_ANALYSIS = YES;
				CLANG_WARN_STRICT_PROTOTYPES = YES;
				CLANG_WARN_SUSPICIOUS_MOVE = YES;
				CLANG_WARN_UNGUARDED_AVAILABILITY = YES_AGGRESSIVE;
				CLANG_WARN_UNREACHABLE_CODE = YES;
				CLANG_WARN__DUPLICATE_METHOD_MATCH = YES;
				COPY_PHASE_STRIP = NO;
				DEBUG_INFORMATION_FORMAT = "dwarf-with-dsym";
				ENABLE_NS_ASSERTIONS = NO;
				ENABLE_STRICT_OBJC_MSGSEND = YES;
				GCC_C_LANGUAGE_STANDARD = gnu11;
				GCC_NO_COMMON_BLOCKS = YES;
				GCC_WARN_64_TO_32_BIT_CONVERSION = YES;
				GCC_WARN_ABOUT_RETURN_TYPE = YES_ERROR;
				GCC_WARN_UNDECLARED_SELECTOR = YES;
				GCC_WARN_UNINITIALIZED_AUTOS = YES_AGGRESSIVE;
				GCC_WARN_UNUSED_FUNCTION = YES;
				GCC_WARN_UNUSED_VARIABLE = YES;
				IPHONEOS_DEPLOYMENT_TARGET = 15.5;
				MTL_ENABLE_DEBUG_INFO = NO;
				MTL_FAST_MATH = YES;
				SDKROOT = iphoneos;
				VALIDATE_PRODUCT = YES;
			};
			name = Release;
		};
		403757812965C9BB006C834E /* Debug */ = {
			isa = XCBuildConfiguration;
			baseConfigurationReference = BFD62B9CE786727B1EF9B7F1 /* Pods-VoluntaryBest.debug.xcconfig */;
			buildSettings = {
				ASSETCATALOG_COMPILER_APPICON_NAME = AppIcon;
				ASSETCATALOG_COMPILER_GLOBAL_ACCENT_COLOR_NAME = AccentColor;
				CODE_SIGN_STYLE = Automatic;
				CURRENT_PROJECT_VERSION = 1;
				DEVELOPMENT_TEAM = T3358MNV2M;
				GENERATE_INFOPLIST_FILE = YES;
				INFOPLIST_FILE = VoluntaryBest/Info.plist;
				INFOPLIST_KEY_UIApplicationSupportsIndirectInputEvents = YES;
				INFOPLIST_KEY_UILaunchStoryboardName = LaunchScreen;
				INFOPLIST_KEY_UIMainStoryboardFile = Main;
				INFOPLIST_KEY_UISupportedInterfaceOrientations_iPad = "UIInterfaceOrientationPortrait UIInterfaceOrientationPortraitUpsideDown UIInterfaceOrientationLandscapeLeft UIInterfaceOrientationLandscapeRight";
				INFOPLIST_KEY_UISupportedInterfaceOrientations_iPhone = "UIInterfaceOrientationPortrait UIInterfaceOrientationLandscapeLeft UIInterfaceOrientationLandscapeRight";
				LD_RUNPATH_SEARCH_PATHS = (
					"$(inherited)",
					"@executable_path/Frameworks",
				);
				MARKETING_VERSION = 1.0;
				PRODUCT_BUNDLE_IDENTIFIER = test1.VoluntaryBest;
				PRODUCT_NAME = "$(TARGET_NAME)";
				SWIFT_EMIT_LOC_STRINGS = YES;
				TARGETED_DEVICE_FAMILY = "1,2";
			};
			name = Debug;
		};
		403757822965C9BB006C834E /* Release */ = {
			isa = XCBuildConfiguration;
			baseConfigurationReference = EF45F58C014DFCF0A7D03608 /* Pods-VoluntaryBest.release.xcconfig */;
			buildSettings = {
				ASSETCATALOG_COMPILER_APPICON_NAME = AppIcon;
				ASSETCATALOG_COMPILER_GLOBAL_ACCENT_COLOR_NAME = AccentColor;
				CODE_SIGN_STYLE = Automatic;
				CURRENT_PROJECT_VERSION = 1;
				DEVELOPMENT_TEAM = T3358MNV2M;
				GENERATE_INFOPLIST_FILE = YES;
				INFOPLIST_FILE = VoluntaryBest/Info.plist;
				INFOPLIST_KEY_UIApplicationSupportsIndirectInputEvents = YES;
				INFOPLIST_KEY_UILaunchStoryboardName = LaunchScreen;
				INFOPLIST_KEY_UIMainStoryboardFile = Main;
				INFOPLIST_KEY_UISupportedInterfaceOrientations_iPad = "UIInterfaceOrientationPortrait UIInterfaceOrientationPortraitUpsideDown UIInterfaceOrientationLandscapeLeft UIInterfaceOrientationLandscapeRight";
				INFOPLIST_KEY_UISupportedInterfaceOrientations_iPhone = "UIInterfaceOrientationPortrait UIInterfaceOrientationLandscapeLeft UIInterfaceOrientationLandscapeRight";
				LD_RUNPATH_SEARCH_PATHS = (
					"$(inherited)",
					"@executable_path/Frameworks",
				);
				MARKETING_VERSION = 1.0;
				PRODUCT_BUNDLE_IDENTIFIER = test1.VoluntaryBest;
				PRODUCT_NAME = "$(TARGET_NAME)";
				SWIFT_EMIT_LOC_STRINGS = YES;
				TARGETED_DEVICE_FAMILY = "1,2";
			};
			name = Release;
		};
		403757842965C9BB006C834E /* Debug */ = {
			isa = XCBuildConfiguration;
			buildSettings = {
				BUNDLE_LOADER = "$(TEST_HOST)";
				CODE_SIGN_STYLE = Automatic;
				CURRENT_PROJECT_VERSION = 1;
				DEVELOPMENT_TEAM = T3358MNV2M;
				GENERATE_INFOPLIST_FILE = YES;
				IPHONEOS_DEPLOYMENT_TARGET = 15.5;
				MARKETING_VERSION = 1.0;
				PRODUCT_BUNDLE_IDENTIFIER = test1.VoluntaryBestTests;
				PRODUCT_NAME = "$(TARGET_NAME)";
				SWIFT_EMIT_LOC_STRINGS = NO;
				TARGETED_DEVICE_FAMILY = "1,2";
				TEST_HOST = "$(BUILT_PRODUCTS_DIR)/VoluntaryBest.app/VoluntaryBest";
			};
			name = Debug;
		};
		403757852965C9BB006C834E /* Release */ = {
			isa = XCBuildConfiguration;
			buildSettings = {
				BUNDLE_LOADER = "$(TEST_HOST)";
				CODE_SIGN_STYLE = Automatic;
				CURRENT_PROJECT_VERSION = 1;
				DEVELOPMENT_TEAM = T3358MNV2M;
				GENERATE_INFOPLIST_FILE = YES;
				IPHONEOS_DEPLOYMENT_TARGET = 15.5;
				MARKETING_VERSION = 1.0;
				PRODUCT_BUNDLE_IDENTIFIER = test1.VoluntaryBestTests;
				PRODUCT_NAME = "$(TARGET_NAME)";
				SWIFT_EMIT_LOC_STRINGS = NO;
				TARGETED_DEVICE_FAMILY = "1,2";
				TEST_HOST = "$(BUILT_PRODUCTS_DIR)/VoluntaryBest.app/VoluntaryBest";
			};
			name = Release;
		};
		403757872965C9BB006C834E /* Debug */ = {
			isa = XCBuildConfiguration;
			buildSettings = {
				CODE_SIGN_STYLE = Automatic;
				CURRENT_PROJECT_VERSION = 1;
				DEVELOPMENT_TEAM = T3358MNV2M;
				GENERATE_INFOPLIST_FILE = YES;
				MARKETING_VERSION = 1.0;
				PRODUCT_BUNDLE_IDENTIFIER = test1.VoluntaryBestUITests;
				PRODUCT_NAME = "$(TARGET_NAME)";
				SWIFT_EMIT_LOC_STRINGS = NO;
				TARGETED_DEVICE_FAMILY = "1,2";
				TEST_TARGET_NAME = VoluntaryBest;
			};
			name = Debug;
		};
		403757882965C9BB006C834E /* Release */ = {
			isa = XCBuildConfiguration;
			buildSettings = {
				CODE_SIGN_STYLE = Automatic;
				CURRENT_PROJECT_VERSION = 1;
				DEVELOPMENT_TEAM = T3358MNV2M;
				GENERATE_INFOPLIST_FILE = YES;
				MARKETING_VERSION = 1.0;
				PRODUCT_BUNDLE_IDENTIFIER = test1.VoluntaryBestUITests;
				PRODUCT_NAME = "$(TARGET_NAME)";
				SWIFT_EMIT_LOC_STRINGS = NO;
				TARGETED_DEVICE_FAMILY = "1,2";
				TEST_TARGET_NAME = VoluntaryBest;
			};
			name = Release;
		};
/* End XCBuildConfiguration section */

/* Begin XCConfigurationList section */
		4037574C2965C9B9006C834E /* Build configuration list for PBXProject "VoluntaryBest" */ = {
			isa = XCConfigurationList;
			buildConfigurations = (
				4037577E2965C9BB006C834E /* Debug */,
				4037577F2965C9BB006C834E /* Release */,
			);
			defaultConfigurationIsVisible = 0;
			defaultConfigurationName = Release;
		};
		403757802965C9BB006C834E /* Build configuration list for PBXNativeTarget "VoluntaryBest" */ = {
			isa = XCConfigurationList;
			buildConfigurations = (
				403757812965C9BB006C834E /* Debug */,
				403757822965C9BB006C834E /* Release */,
			);
			defaultConfigurationIsVisible = 0;
			defaultConfigurationName = Release;
		};
		403757832965C9BB006C834E /* Build configuration list for PBXNativeTarget "VoluntaryBestTests" */ = {
			isa = XCConfigurationList;
			buildConfigurations = (
				403757842965C9BB006C834E /* Debug */,
				403757852965C9BB006C834E /* Release */,
			);
			defaultConfigurationIsVisible = 0;
			defaultConfigurationName = Release;
		};
		403757862965C9BB006C834E /* Build configuration list for PBXNativeTarget "VoluntaryBestUITests" */ = {
			isa = XCConfigurationList;
			buildConfigurations = (
				403757872965C9BB006C834E /* Debug */,
				403757882965C9BB006C834E /* Release */,
			);
			defaultConfigurationIsVisible = 0;
			defaultConfigurationName = Release;
		};
/* End XCConfigurationList section */
	};
	rootObject = 403757492965C9B9006C834E /* Project object */;
}
